
Microsoft Visual Studio Solution File, Format Version 12.00
# Visual Studio Version 16
VisualStudioVersion = 16.0.29806.167
MinimumVisualStudioVersion = 10.0.40219.1
Project("{9A19103F-16F7-4668-BE54-9A1E7A4F7556}") = "NtFreX.Audio.Console", "demo\NtFreX.Audio.Console\NtFreX.Audio.Console.csproj", "{2A985E45-8094-409D-8130-80B3C0A2646C}"
EndProject
Project("{9A19103F-16F7-4668-BE54-9A1E7A4F7556}") = "NtFreX.Audio", "src\NtFreX.Audio\NtFreX.Audio.csproj", "{789A51D2-AC36-463F-A66B-EDA80826AA66}"
EndProject
Project("{2150E333-8FDC-42A3-9474-1A3956D46DE8}") = "test", "test", "{F86D48BF-0A83-4B93-83BB-BA3091E2FBA3}"
EndProject
Project("{9A19103F-16F7-4668-BE54-9A1E7A4F7556}") = "NtFreX.Audio.Tests", "test\NtFreX.Audio.Tests\NtFreX.Audio.Tests.csproj", "{98DBA6CD-18EF-404E-83B9-CA2519C022A8}"
EndProject
Project("{9A19103F-16F7-4668-BE54-9A1E7A4F7556}") = "NtFreX.Audio.Wasapi", "src\NtFreX.Audio.Wasapi\NtFreX.Audio.Wasapi.csproj", "{519B8C3A-1F57-4233-A8B0-DBC138370814}"
EndProject
Project("{9A19103F-16F7-4668-BE54-9A1E7A4F7556}") = "NtFreX.Audio.PulseAudio", "src\NtFreX.Audio.PulseAudio\NtFreX.Audio.PulseAudio.csproj", "{88E08594-24DE-4771-80A0-C3B0D880DA02}"
EndProject
Project("{2150E333-8FDC-42A3-9474-1A3956D46DE8}") = "src", "src", "{7BA896D0-53DE-432F-B594-6C5857ACC811}"
EndProject
Project("{2150E333-8FDC-42A3-9474-1A3956D46DE8}") = "demo", "demo", "{22C239CA-135A-4CA3-98C0-4D86F7AE4134}"
EndProject
Project("{9A19103F-16F7-4668-BE54-9A1E7A4F7556}") = "NtFreX.Audio.AdapterInfrastructure", "src\NtFreX.Audio.AdapterInfrastructure\NtFreX.Audio.AdapterInfrastructure.csproj", "{F792463A-52EE-4797-8E11-0C31D80773F3}"
EndProject
Project("{9A19103F-16F7-4668-BE54-9A1E7A4F7556}") = "NtFreX.Audio.Infrastructure", "src\NtFreX.Audio.Infrastructure\NtFreX.Audio.Infrastructure.csproj", "{47624CA5-B7A5-4195-8D09-93A718313C12}"
EndProject
Project("{2150E333-8FDC-42A3-9474-1A3956D46DE8}") = "adapters", "adapters", "{B5ECA57C-BF9A-4073-82FA-B4A67BC625DA}"
EndProject
Project("{FAE04EC0-301F-11D3-BF4B-00C04F79EFBC}") = "NtFreX.Audio.Alsa", "src\NtFreX.Audio.Alsa\NtFreX.Audio.Alsa.csproj", "{23A17BF2-C808-4999-ACFB-806B73EB4502}"
EndProject
Global
	GlobalSection(SolutionConfigurationPlatforms) = preSolution
		Debug|Any CPU = Debug|Any CPU
		Release|Any CPU = Release|Any CPU
	EndGlobalSection
	GlobalSection(ProjectConfigurationPlatforms) = postSolution
		{2A985E45-8094-409D-8130-80B3C0A2646C}.Debug|Any CPU.ActiveCfg = Debug|Any CPU
		{2A985E45-8094-409D-8130-80B3C0A2646C}.Debug|Any CPU.Build.0 = Debug|Any CPU
		{2A985E45-8094-409D-8130-80B3C0A2646C}.Release|Any CPU.ActiveCfg = Release|Any CPU
		{2A985E45-8094-409D-8130-80B3C0A2646C}.Release|Any CPU.Build.0 = Release|Any CPU
		{789A51D2-AC36-463F-A66B-EDA80826AA66}.Debug|Any CPU.ActiveCfg = Debug|Any CPU
		{789A51D2-AC36-463F-A66B-EDA80826AA66}.Debug|Any CPU.Build.0 = Debug|Any CPU
		{789A51D2-AC36-463F-A66B-EDA80826AA66}.Release|Any CPU.ActiveCfg = Release|Any CPU
		{789A51D2-AC36-463F-A66B-EDA80826AA66}.Release|Any CPU.Build.0 = Release|Any CPU
		{98DBA6CD-18EF-404E-83B9-CA2519C022A8}.Debug|Any CPU.ActiveCfg = Debug|Any CPU
		{98DBA6CD-18EF-404E-83B9-CA2519C022A8}.Debug|Any CPU.Build.0 = Debug|Any CPU
		{98DBA6CD-18EF-404E-83B9-CA2519C022A8}.Release|Any CPU.ActiveCfg = Release|Any CPU
		{98DBA6CD-18EF-404E-83B9-CA2519C022A8}.Release|Any CPU.Build.0 = Release|Any CPU
		{519B8C3A-1F57-4233-A8B0-DBC138370814}.Debug|Any CPU.ActiveCfg = Debug|Any CPU
		{519B8C3A-1F57-4233-A8B0-DBC138370814}.Debug|Any CPU.Build.0 = Debug|Any CPU
		{519B8C3A-1F57-4233-A8B0-DBC138370814}.Release|Any CPU.ActiveCfg = Release|Any CPU
		{519B8C3A-1F57-4233-A8B0-DBC138370814}.Release|Any CPU.Build.0 = Release|Any CPU
		{88E08594-24DE-4771-80A0-C3B0D880DA02}.Debug|Any CPU.ActiveCfg = Debug|Any CPU
		{88E08594-24DE-4771-80A0-C3B0D880DA02}.Debug|Any CPU.Build.0 = Debug|Any CPU
		{88E08594-24DE-4771-80A0-C3B0D880DA02}.Release|Any CPU.ActiveCfg = Release|Any CPU
		{88E08594-24DE-4771-80A0-C3B0D880DA02}.Release|Any CPU.Build.0 = Release|Any CPU
		{F792463A-52EE-4797-8E11-0C31D80773F3}.Debug|Any CPU.ActiveCfg = Debug|Any CPU
		{F792463A-52EE-4797-8E11-0C31D80773F3}.Debug|Any CPU.Build.0 = Debug|Any CPU
		{F792463A-52EE-4797-8E11-0C31D80773F3}.Release|Any CPU.ActiveCfg = Release|Any CPU
		{F792463A-52EE-4797-8E11-0C31D80773F3}.Release|Any CPU.Build.0 = Release|Any CPU
		{47624CA5-B7A5-4195-8D09-93A718313C12}.Debug|Any CPU.ActiveCfg = Debug|Any CPU
		{47624CA5-B7A5-4195-8D09-93A718313C12}.Debug|Any CPU.Build.0 = Debug|Any CPU
		{47624CA5-B7A5-4195-8D09-93A718313C12}.Release|Any CPU.ActiveCfg = Release|Any CPU
		{47624CA5-B7A5-4195-8D09-93A718313C12}.Release|Any CPU.Build.0 = Release|Any CPU
		{23A17BF2-C808-4999-ACFB-806B73EB4502}.Debug|Any CPU.ActiveCfg = Debug|Any CPU
		{23A17BF2-C808-4999-ACFB-806B73EB4502}.Debug|Any CPU.Build.0 = Debug|Any CPU
		{23A17BF2-C808-4999-ACFB-806B73EB4502}.Release|Any CPU.ActiveCfg = Release|Any CPU
		{23A17BF2-C808-4999-ACFB-806B73EB4502}.Release|Any CPU.Build.0 = Release|Any CPU
	EndGlobalSection
	GlobalSection(SolutionProperties) = preSolution
		HideSolutionNode = FALSE
	EndGlobalSection
	GlobalSection(NestedProjects) = preSolution
		{2A985E45-8094-409D-8130-80B3C0A2646C} = {22C239CA-135A-4CA3-98C0-4D86F7AE4134}
		{789A51D2-AC36-463F-A66B-EDA80826AA66} = {7BA896D0-53DE-432F-B594-6C5857ACC811}
		{98DBA6CD-18EF-404E-83B9-CA2519C022A8} = {F86D48BF-0A83-4B93-83BB-BA3091E2FBA3}
		{519B8C3A-1F57-4233-A8B0-DBC138370814} = {B5ECA57C-BF9A-4073-82FA-B4A67BC625DA}
		{88E08594-24DE-4771-80A0-C3B0D880DA02} = {B5ECA57C-BF9A-4073-82FA-B4A67BC625DA}
		{F792463A-52EE-4797-8E11-0C31D80773F3} = {7BA896D0-53DE-432F-B594-6C5857ACC811}
		{47624CA5-B7A5-4195-8D09-93A718313C12} = {7BA896D0-53DE-432F-B594-6C5857ACC811}
		{B5ECA57C-BF9A-4073-82FA-B4A67BC625DA} = {7BA896D0-53DE-432F-B594-6C5857ACC811}
		{23A17BF2-C808-4999-ACFB-806B73EB4502} = {B5ECA57C-BF9A-4073-82FA-B4A67BC625DA}
	EndGlobalSection
	GlobalSection(ExtensibilityGlobals) = postSolution
		SolutionGuid = {F119CBCB-237A-4C8D-A302-A4ACA18D6116}
	EndGlobalSection
EndGlobal
